
Microsoft Visual Studio Solution File, Format Version 12.00
# Visual Studio Version 17
VisualStudioVersion = 17.1.32414.318
MinimumVisualStudioVersion = 10.0.40219.1
Project("{9A19103F-16F7-4668-BE54-9A1E7A4F7556}") = "BookLibrary", "BookLibrary\BookLibrary.csproj", "{59FB5C8B-B972-49CD-A9C6-03ED0CD62D40}"
EndProject
Project("{9A19103F-16F7-4668-BE54-9A1E7A4F7556}") = "BookLibrary.Data", "BookLibrary.Data\BookLibrary.Data.csproj", "{BD24F178-83FE-485D-BB28-9ECE2BB52D6D}"
EndProject
Project("{9A19103F-16F7-4668-BE54-9A1E7A4F7556}") = "BookLibrary.Test", "BookLibrary.Test\BookLibrary.Test.csproj", "{60CBE2C1-78CF-4DD6-B9AB-8F04B98D09B4}"
EndProject
Global
	GlobalSection(SolutionConfigurationPlatforms) = preSolution
		Debug|Any CPU = Debug|Any CPU
		Release|Any CPU = Release|Any CPU
	EndGlobalSection
	GlobalSection(ProjectConfigurationPlatforms) = postSolution
		{59FB5C8B-B972-49CD-A9C6-03ED0CD62D40}.Debug|Any CPU.ActiveCfg = Debug|Any CPU
		{59FB5C8B-B972-49CD-A9C6-03ED0CD62D40}.Debug|Any CPU.Build.0 = Debug|Any CPU
		{59FB5C8B-B972-49CD-A9C6-03ED0CD62D40}.Release|Any CPU.ActiveCfg = Release|Any CPU
		{59FB5C8B-B972-49CD-A9C6-03ED0CD62D40}.Release|Any CPU.Build.0 = Release|Any CPU
		{BD24F178-83FE-485D-BB28-9ECE2BB52D6D}.Debug|Any CPU.ActiveCfg = Debug|Any CPU
		{BD24F178-83FE-485D-BB28-9ECE2BB52D6D}.Debug|Any CPU.Build.0 = Debug|Any CPU
		{BD24F178-83FE-485D-BB28-9ECE2BB52D6D}.Release|Any CPU.ActiveCfg = Release|Any CPU
		{BD24F178-83FE-485D-BB28-9ECE2BB52D6D}.Release|Any CPU.Build.0 = Release|Any CPU
		{60CBE2C1-78CF-4DD6-B9AB-8F04B98D09B4}.Debug|Any CPU.ActiveCfg = Debug|Any CPU
		{60CBE2C1-78CF-4DD6-B9AB-8F04B98D09B4}.Debug|Any CPU.Build.0 = Debug|Any CPU
		{60CBE2C1-78CF-4DD6-B9AB-8F04B98D09B4}.Release|Any CPU.ActiveCfg = Release|Any CPU
		{60CBE2C1-78CF-4DD6-B9AB-8F04B98D09B4}.Release|Any CPU.Build.0 = Release|Any CPU
	EndGlobalSection
	GlobalSection(SolutionProperties) = preSolution
		HideSolutionNode = FALSE
	EndGlobalSection
	GlobalSection(ExtensibilityGlobals) = postSolution
		SolutionGuid = {154BE0E7-0683-4BAD-8EF5-265425D0EF42}
	EndGlobalSection
EndGlobal
